
Microsoft Visual Studio Solution File, Format Version 12.00
# Visual Studio Version 17
VisualStudioVersion = 17.0.31903.59
MinimumVisualStudioVersion = 10.0.40219.1
Project("{FAE04EC0-301F-11D3-BF4B-00C04F79EFBC}") = "JellyEngine", "JellyEngine\JellyEngine.csproj", "{B1D7E635-AB0B-4015-AB47-78D4A7A400F0}"
EndProject
Project("{FAE04EC0-301F-11D3-BF4B-00C04F79EFBC}") = "Player", "Player\Player.csproj", "{42FC07B1-D9AA-4939-85C2-FE99A080E61B}"
EndProject
Project("{FAE04EC0-301F-11D3-BF4B-00C04F79EFBC}") = "JellyAssembly", "JellyAssembly\JellyAssembly.csproj", "{6F05BB20-FDDD-489E-8766-9AF59571C33C}"
EndProject
Global
	GlobalSection(SolutionConfigurationPlatforms) = preSolution
		Debug|Any CPU = Debug|Any CPU
		Release|Any CPU = Release|Any CPU
	EndGlobalSection
	GlobalSection(SolutionProperties) = preSolution
		HideSolutionNode = FALSE
	EndGlobalSection
	GlobalSection(ProjectConfigurationPlatforms) = postSolution
		{B1D7E635-AB0B-4015-AB47-78D4A7A400F0}.Debug|Any CPU.ActiveCfg = Debug|Any CPU
		{B1D7E635-AB0B-4015-AB47-78D4A7A400F0}.Debug|Any CPU.Build.0 = Debug|Any CPU
		{B1D7E635-AB0B-4015-AB47-78D4A7A400F0}.Release|Any CPU.ActiveCfg = Release|Any CPU
		{B1D7E635-AB0B-4015-AB47-78D4A7A400F0}.Release|Any CPU.Build.0 = Release|Any CPU
		{42FC07B1-D9AA-4939-85C2-FE99A080E61B}.Debug|Any CPU.ActiveCfg = Debug|Any CPU
		{42FC07B1-D9AA-4939-85C2-FE99A080E61B}.Debug|Any CPU.Build.0 = Debug|Any CPU
		{42FC07B1-D9AA-4939-85C2-FE99A080E61B}.Release|Any CPU.ActiveCfg = Release|Any CPU
		{42FC07B1-D9AA-4939-85C2-FE99A080E61B}.Release|Any CPU.Build.0 = Release|Any CPU
		{6F05BB20-FDDD-489E-8766-9AF59571C33C}.Debug|Any CPU.ActiveCfg = Debug|Any CPU
		{6F05BB20-FDDD-489E-8766-9AF59571C33C}.Debug|Any CPU.Build.0 = Debug|Any CPU
		{6F05BB20-FDDD-489E-8766-9AF59571C33C}.Release|Any CPU.ActiveCfg = Release|Any CPU
		{6F05BB20-FDDD-489E-8766-9AF59571C33C}.Release|Any CPU.Build.0 = Release|Any CPU
	EndGlobalSection
EndGlobal
